
Microsoft Visual Studio Solution File, Format Version 12.00
# Visual Studio 14
VisualStudioVersion = 14.0.24720.0
MinimumVisualStudioVersion = 10.0.40219.1
Project("{151D2E53-A2C4-4D7D-83FE-D05416EBD58E}") = "CSPIoT", "CSPIoT\CSPIoT.deployproj", "{CC9DE31D-7D43-4809-970E-4F29745CC5B2}"
EndProject
Global
	GlobalSection(SolutionConfigurationPlatforms) = preSolution
		Debug|Any CPU = Debug|Any CPU
		Release|Any CPU = Release|Any CPU
	EndGlobalSection
	GlobalSection(ProjectConfigurationPlatforms) = postSolution
		{CC9DE31D-7D43-4809-970E-4F29745CC5B2}.Debug|Any CPU.ActiveCfg = Debug|Any CPU
		{CC9DE31D-7D43-4809-970E-4F29745CC5B2}.Debug|Any CPU.Build.0 = Debug|Any CPU
		{CC9DE31D-7D43-4809-970E-4F29745CC5B2}.Release|Any CPU.ActiveCfg = Release|Any CPU
		{CC9DE31D-7D43-4809-970E-4F29745CC5B2}.Release|Any CPU.Build.0 = Release|Any CPU
	EndGlobalSection
	GlobalSection(SolutionProperties) = preSolution
		HideSolutionNode = FALSE
	EndGlobalSection
EndGlobal
